
Microsoft Visual Studio Solution File, Format Version 12.00
# Visual Studio Version 17
VisualStudioVersion = 17.11.35312.102
MinimumVisualStudioVersion = 10.0.40219.1
Project("{9A19103F-16F7-4668-BE54-9A1E7A4F7556}") = "lab10", "lab10.csproj", "{3D2DAF37-9656-4C7F-A1FE-0E7B01DCDF4B}"
EndProject
Project("{9A19103F-16F7-4668-BE54-9A1E7A4F7556}") = "lab10Classes", "..\lab10Classes\lab10Classes.csproj", "{140B3525-6B4D-4152-AC69-013DBFFE9AC7}"
EndProject
Project("{9A19103F-16F7-4668-BE54-9A1E7A4F7556}") = "lab9", "..\lab9\lab9.csproj", "{9EB499F4-2EF2-4EE2-9563-3D600188FA62}"
EndProject
Global
	GlobalSection(SolutionConfigurationPlatforms) = preSolution
		Debug|Any CPU = Debug|Any CPU
		Release|Any CPU = Release|Any CPU
	EndGlobalSection
	GlobalSection(ProjectConfigurationPlatforms) = postSolution
		{3D2DAF37-9656-4C7F-A1FE-0E7B01DCDF4B}.Debug|Any CPU.ActiveCfg = Debug|Any CPU
		{3D2DAF37-9656-4C7F-A1FE-0E7B01DCDF4B}.Debug|Any CPU.Build.0 = Debug|Any CPU
		{3D2DAF37-9656-4C7F-A1FE-0E7B01DCDF4B}.Release|Any CPU.ActiveCfg = Release|Any CPU
		{3D2DAF37-9656-4C7F-A1FE-0E7B01DCDF4B}.Release|Any CPU.Build.0 = Release|Any CPU
		{140B3525-6B4D-4152-AC69-013DBFFE9AC7}.Debug|Any CPU.ActiveCfg = Debug|Any CPU
		{140B3525-6B4D-4152-AC69-013DBFFE9AC7}.Debug|Any CPU.Build.0 = Debug|Any CPU
		{140B3525-6B4D-4152-AC69-013DBFFE9AC7}.Release|Any CPU.ActiveCfg = Release|Any CPU
		{140B3525-6B4D-4152-AC69-013DBFFE9AC7}.Release|Any CPU.Build.0 = Release|Any CPU
		{9EB499F4-2EF2-4EE2-9563-3D600188FA62}.Debug|Any CPU.ActiveCfg = Debug|Any CPU
		{9EB499F4-2EF2-4EE2-9563-3D600188FA62}.Debug|Any CPU.Build.0 = Debug|Any CPU
		{9EB499F4-2EF2-4EE2-9563-3D600188FA62}.Release|Any CPU.ActiveCfg = Release|Any CPU
		{9EB499F4-2EF2-4EE2-9563-3D600188FA62}.Release|Any CPU.Build.0 = Release|Any CPU
	EndGlobalSection
	GlobalSection(SolutionProperties) = preSolution
		HideSolutionNode = FALSE
	EndGlobalSection
	GlobalSection(ExtensibilityGlobals) = postSolution
		SolutionGuid = {B9969E0A-0E40-4A6C-B2FE-ABF5CDF87F3B}
	EndGlobalSection
EndGlobal
